
Microsoft Visual Studio Solution File, Format Version 12.00
# Visual Studio 15
VisualStudioVersion = 15.0.28307.136
MinimumVisualStudioVersion = 10.0.40219.1
Project("{FAE04EC0-301F-11D3-BF4B-00C04F79EFBC}") = "branches2", "branches2\branches2.csproj", "{FECE0895-9E5F-4078-B239-927EA94171BE}"
EndProject
Global
	GlobalSection(SolutionConfigurationPlatforms) = preSolution
		Debug|Any CPU = Debug|Any CPU
		Release|Any CPU = Release|Any CPU
	EndGlobalSection
	GlobalSection(ProjectConfigurationPlatforms) = postSolution
		{FECE0895-9E5F-4078-B239-927EA94171BE}.Debug|Any CPU.ActiveCfg = Debug|Any CPU
		{FECE0895-9E5F-4078-B239-927EA94171BE}.Debug|Any CPU.Build.0 = Debug|Any CPU
		{FECE0895-9E5F-4078-B239-927EA94171BE}.Release|Any CPU.ActiveCfg = Release|Any CPU
		{FECE0895-9E5F-4078-B239-927EA94171BE}.Release|Any CPU.Build.0 = Release|Any CPU
	EndGlobalSection
	GlobalSection(SolutionProperties) = preSolution
		HideSolutionNode = FALSE
	EndGlobalSection
	GlobalSection(ExtensibilityGlobals) = postSolution
		SolutionGuid = {918F22A1-2DAA-4646-9C30-DE829ACC69B8}
	EndGlobalSection
EndGlobal
